// !$*UTF8*$!
{
	archiveVersion = 1;
	classes = {
	};
	objectVersion = 56;
	objects = {

/* Begin PBXBuildFile section */
		86AD4D08E7E718A5501FFD8F /* Pods_NewsApp.framework in Frameworks */ = {isa = PBXBuildFile; fileRef = 235A9B7B19D6DEEFA0820918 /* Pods_NewsApp.framework */; };
		B12244BD2A87764300950105 /* BaseNewsViewController.swift in Sources */ = {isa = PBXBuildFile; fileRef = B12244BC2A87764300950105 /* BaseNewsViewController.swift */; };
		B12244C02A87805000950105 /* TableViewModel.swift in Sources */ = {isa = PBXBuildFile; fileRef = B12244BF2A87805000950105 /* TableViewModel.swift */; };
		B1ABCB852A865951009A8A73 /* LoadingCell.swift in Sources */ = {isa = PBXBuildFile; fileRef = B1ABCB832A865951009A8A73 /* LoadingCell.swift */; };
		B1ABCB862A865951009A8A73 /* LoadingCell.xib in Resources */ = {isa = PBXBuildFile; fileRef = B1ABCB842A865951009A8A73 /* LoadingCell.xib */; };
		B1ABCB882A867661009A8A73 /* NetworkService.swift in Sources */ = {isa = PBXBuildFile; fileRef = B1ABCB872A867661009A8A73 /* NetworkService.swift */; };
		B1ABCB8A2A8677EE009A8A73 /* Source.swift in Sources */ = {isa = PBXBuildFile; fileRef = B1ABCB892A8677EE009A8A73 /* Source.swift */; };
		B1ABCB8C2A867812009A8A73 /* Response.swift in Sources */ = {isa = PBXBuildFile; fileRef = B1ABCB8B2A867812009A8A73 /* Response.swift */; };
		B1ABCB902A868097009A8A73 /* DiscoverViewModel.swift in Sources */ = {isa = PBXBuildFile; fileRef = B1ABCB8F2A868097009A8A73 /* DiscoverViewModel.swift */; };
		B1ABCB922A8686FC009A8A73 /* UIViewController+utils.swift in Sources */ = {isa = PBXBuildFile; fileRef = B1ABCB912A8686FC009A8A73 /* UIViewController+utils.swift */; };
		B1ABCB942A8696F6009A8A73 /* NewsItemViewModel.swift in Sources */ = {isa = PBXBuildFile; fileRef = B1ABCB932A8696F6009A8A73 /* NewsItemViewModel.swift */; };
		B1B5EC0C2A83B40F00A4C779 /* AppDelegate.swift in Sources */ = {isa = PBXBuildFile; fileRef = B1B5EC0B2A83B40F00A4C779 /* AppDelegate.swift */; };
		B1B5EC0E2A83B40F00A4C779 /* SceneDelegate.swift in Sources */ = {isa = PBXBuildFile; fileRef = B1B5EC0D2A83B40F00A4C779 /* SceneDelegate.swift */; };
		B1B5EC162A83B40F00A4C779 /* NewsApp.xcdatamodeld in Sources */ = {isa = PBXBuildFile; fileRef = B1B5EC142A83B40F00A4C779 /* NewsApp.xcdatamodeld */; };
		B1B5EC182A83B41000A4C779 /* Assets.xcassets in Resources */ = {isa = PBXBuildFile; fileRef = B1B5EC172A83B41000A4C779 /* Assets.xcassets */; };
		B1B5EC1B2A83B41000A4C779 /* LaunchScreen.storyboard in Resources */ = {isa = PBXBuildFile; fileRef = B1B5EC192A83B41000A4C779 /* LaunchScreen.storyboard */; };
		B1B5EC282A83BED400A4C779 /* TabBarController.swift in Sources */ = {isa = PBXBuildFile; fileRef = B1B5EC272A83BED400A4C779 /* TabBarController.swift */; };
		B1B5EC2B2A83C01400A4C779 /* DiscoverViewController.swift in Sources */ = {isa = PBXBuildFile; fileRef = B1B5EC292A83C01400A4C779 /* DiscoverViewController.swift */; };
		B1B5EC2C2A83C01400A4C779 /* DiscoverViewController.xib in Resources */ = {isa = PBXBuildFile; fileRef = B1B5EC2A2A83C01400A4C779 /* DiscoverViewController.xib */; };
		B1E81EB92A83E39400B05F76 /* NewsItemCell.swift in Sources */ = {isa = PBXBuildFile; fileRef = B1E81EB72A83E39400B05F76 /* NewsItemCell.swift */; };
		B1E81EBA2A83E39400B05F76 /* NewsItemCell.xib in Resources */ = {isa = PBXBuildFile; fileRef = B1E81EB82A83E39400B05F76 /* NewsItemCell.xib */; };
		B1E81EBC2A83ED0200B05F76 /* Article.swift in Sources */ = {isa = PBXBuildFile; fileRef = B1E81EBB2A83ED0200B05F76 /* Article.swift */; };
/* End PBXBuildFile section */

/* Begin PBXFileReference section */
		1065DC64D0441DBD43B14059 /* Pods-NewsApp.release.xcconfig */ = {isa = PBXFileReference; includeInIndex = 1; lastKnownFileType = text.xcconfig; name = "Pods-NewsApp.release.xcconfig"; path = "Target Support Files/Pods-NewsApp/Pods-NewsApp.release.xcconfig"; sourceTree = "<group>"; };
		235A9B7B19D6DEEFA0820918 /* Pods_NewsApp.framework */ = {isa = PBXFileReference; explicitFileType = wrapper.framework; includeInIndex = 0; path = Pods_NewsApp.framework; sourceTree = BUILT_PRODUCTS_DIR; };
		42742BBC9D62BAABB167A75B /* Pods-NewsApp.debug.xcconfig */ = {isa = PBXFileReference; includeInIndex = 1; lastKnownFileType = text.xcconfig; name = "Pods-NewsApp.debug.xcconfig"; path = "Target Support Files/Pods-NewsApp/Pods-NewsApp.debug.xcconfig"; sourceTree = "<group>"; };
		B12244BC2A87764300950105 /* BaseNewsViewController.swift */ = {isa = PBXFileReference; lastKnownFileType = sourcecode.swift; path = BaseNewsViewController.swift; sourceTree = "<group>"; };
		B12244BF2A87805000950105 /* TableViewModel.swift */ = {isa = PBXFileReference; lastKnownFileType = sourcecode.swift; path = TableViewModel.swift; sourceTree = "<group>"; };
		B1ABCB832A865951009A8A73 /* LoadingCell.swift */ = {isa = PBXFileReference; lastKnownFileType = sourcecode.swift; path = LoadingCell.swift; sourceTree = "<group>"; };
		B1ABCB842A865951009A8A73 /* LoadingCell.xib */ = {isa = PBXFileReference; lastKnownFileType = file.xib; path = LoadingCell.xib; sourceTree = "<group>"; };
		B1ABCB872A867661009A8A73 /* NetworkService.swift */ = {isa = PBXFileReference; lastKnownFileType = sourcecode.swift; path = NetworkService.swift; sourceTree = "<group>"; };
		B1ABCB892A8677EE009A8A73 /* Source.swift */ = {isa = PBXFileReference; lastKnownFileType = sourcecode.swift; path = Source.swift; sourceTree = "<group>"; };
		B1ABCB8B2A867812009A8A73 /* Response.swift */ = {isa = PBXFileReference; lastKnownFileType = sourcecode.swift; path = Response.swift; sourceTree = "<group>"; };
		B1ABCB8F2A868097009A8A73 /* DiscoverViewModel.swift */ = {isa = PBXFileReference; lastKnownFileType = sourcecode.swift; path = DiscoverViewModel.swift; sourceTree = "<group>"; };
		B1ABCB912A8686FC009A8A73 /* UIViewController+utils.swift */ = {isa = PBXFileReference; lastKnownFileType = sourcecode.swift; path = "UIViewController+utils.swift"; sourceTree = "<group>"; };
		B1ABCB932A8696F6009A8A73 /* NewsItemViewModel.swift */ = {isa = PBXFileReference; lastKnownFileType = sourcecode.swift; path = NewsItemViewModel.swift; sourceTree = "<group>"; };
		B1B5EC082A83B40F00A4C779 /* NewsApp.app */ = {isa = PBXFileReference; explicitFileType = wrapper.application; includeInIndex = 0; path = NewsApp.app; sourceTree = BUILT_PRODUCTS_DIR; };
		B1B5EC0B2A83B40F00A4C779 /* AppDelegate.swift */ = {isa = PBXFileReference; lastKnownFileType = sourcecode.swift; path = AppDelegate.swift; sourceTree = "<group>"; };
		B1B5EC0D2A83B40F00A4C779 /* SceneDelegate.swift */ = {isa = PBXFileReference; lastKnownFileType = sourcecode.swift; path = SceneDelegate.swift; sourceTree = "<group>"; };
		B1B5EC152A83B40F00A4C779 /* NewsApp.xcdatamodel */ = {isa = PBXFileReference; lastKnownFileType = wrapper.xcdatamodel; path = NewsApp.xcdatamodel; sourceTree = "<group>"; };
		B1B5EC172A83B41000A4C779 /* Assets.xcassets */ = {isa = PBXFileReference; lastKnownFileType = folder.assetcatalog; path = Assets.xcassets; sourceTree = "<group>"; };
		B1B5EC1A2A83B41000A4C779 /* Base */ = {isa = PBXFileReference; lastKnownFileType = file.storyboard; name = Base; path = Base.lproj/LaunchScreen.storyboard; sourceTree = "<group>"; };
		B1B5EC1C2A83B41000A4C779 /* Info.plist */ = {isa = PBXFileReference; lastKnownFileType = text.plist.xml; path = Info.plist; sourceTree = "<group>"; };
		B1B5EC272A83BED400A4C779 /* TabBarController.swift */ = {isa = PBXFileReference; lastKnownFileType = sourcecode.swift; path = TabBarController.swift; sourceTree = "<group>"; };
		B1B5EC292A83C01400A4C779 /* DiscoverViewController.swift */ = {isa = PBXFileReference; lastKnownFileType = sourcecode.swift; path = DiscoverViewController.swift; sourceTree = "<group>"; };
		B1B5EC2A2A83C01400A4C779 /* DiscoverViewController.xib */ = {isa = PBXFileReference; lastKnownFileType = file.xib; path = DiscoverViewController.xib; sourceTree = "<group>"; };
		B1E81EB72A83E39400B05F76 /* NewsItemCell.swift */ = {isa = PBXFileReference; lastKnownFileType = sourcecode.swift; path = NewsItemCell.swift; sourceTree = "<group>"; };
		B1E81EB82A83E39400B05F76 /* NewsItemCell.xib */ = {isa = PBXFileReference; lastKnownFileType = file.xib; path = NewsItemCell.xib; sourceTree = "<group>"; };
		B1E81EBB2A83ED0200B05F76 /* Article.swift */ = {isa = PBXFileReference; lastKnownFileType = sourcecode.swift; path = Article.swift; sourceTree = "<group>"; };
/* End PBXFileReference section */

/* Begin PBXFrameworksBuildPhase section */
		B1B5EC052A83B40F00A4C779 /* Frameworks */ = {
			isa = PBXFrameworksBuildPhase;
			buildActionMask = 2147483647;
			files = (
				86AD4D08E7E718A5501FFD8F /* Pods_NewsApp.framework in Frameworks */,
			);
			runOnlyForDeploymentPostprocessing = 0;
		};
/* End PBXFrameworksBuildPhase section */

/* Begin PBXGroup section */
		21B98241BEFB7219B5211DA2 /* Pods */ = {
			isa = PBXGroup;
			children = (
				42742BBC9D62BAABB167A75B /* Pods-NewsApp.debug.xcconfig */,
				1065DC64D0441DBD43B14059 /* Pods-NewsApp.release.xcconfig */,
			);
			path = Pods;
			sourceTree = "<group>";
		};
		B12244BE2A87801E00950105 /* BaseNewsViewController */ = {
			isa = PBXGroup;
			children = (
				B12244BC2A87764300950105 /* BaseNewsViewController.swift */,
			);
			path = BaseNewsViewController;
			sourceTree = "<group>";
		};
		B12244C12A87820500950105 /* TabBarController */ = {
			isa = PBXGroup;
			children = (
				B1B5EC272A83BED400A4C779 /* TabBarController.swift */,
			);
			path = TabBarController;
			sourceTree = "<group>";
		};
		B13266DE2A8657F700E2EA1F /* LoadingCell */ = {
			isa = PBXGroup;
			children = (
				B1ABCB832A865951009A8A73 /* LoadingCell.swift */,
				B1ABCB842A865951009A8A73 /* LoadingCell.xib */,
			);
			path = LoadingCell;
			sourceTree = "<group>";
		};
		B1ABCB9F2A86BF82009A8A73 /* TableViewCells */ = {
			isa = PBXGroup;
			children = (
				B13266DE2A8657F700E2EA1F /* LoadingCell */,
				B1B5EC322A83D08100A4C779 /* NewsItemCell */,
			);
			path = TableViewCells;
			sourceTree = "<group>";
		};
		B1B5EBFF2A83B40F00A4C779 = {
			isa = PBXGroup;
			children = (
				B1B5EC0A2A83B40F00A4C779 /* NewsApp */,
				B1B5EC092A83B40F00A4C779 /* Products */,
				21B98241BEFB7219B5211DA2 /* Pods */,
				D60D415A6B510D5D2658C0C7 /* Frameworks */,
			);
			sourceTree = "<group>";
		};
		B1B5EC092A83B40F00A4C779 /* Products */ = {
			isa = PBXGroup;
			children = (
				B1B5EC082A83B40F00A4C779 /* NewsApp.app */,
			);
			name = Products;
			sourceTree = "<group>";
		};
		B1B5EC0A2A83B40F00A4C779 /* NewsApp */ = {
			isa = PBXGroup;
			children = (
				B1B5EC0B2A83B40F00A4C779 /* AppDelegate.swift */,
				B1B5EC0D2A83B40F00A4C779 /* SceneDelegate.swift */,
				B1B5EC222A83B5AF00A4C779 /* Model */,
				B1B5EC242A83B5CD00A4C779 /* View */,
				B1B5EC232A83B5BA00A4C779 /* ViewModel */,
				B1B5EC252A83B62C00A4C779 /* Services */,
				B1B5EC262A83B64500A4C779 /* Extensions */,
				B1B5EC172A83B41000A4C779 /* Assets.xcassets */,
				B1B5EC1C2A83B41000A4C779 /* Info.plist */,
				B1B5EC142A83B40F00A4C779 /* NewsApp.xcdatamodeld */,
			);
			path = NewsApp;
			sourceTree = "<group>";
		};
		B1B5EC222A83B5AF00A4C779 /* Model */ = {
			isa = PBXGroup;
			children = (
				B1E81EBB2A83ED0200B05F76 /* Article.swift */,
				B1ABCB892A8677EE009A8A73 /* Source.swift */,
				B1ABCB8B2A867812009A8A73 /* Response.swift */,
			);
			path = Model;
			sourceTree = "<group>";
		};
		B1B5EC232A83B5BA00A4C779 /* ViewModel */ = {
			isa = PBXGroup;
			children = (
				B12244BF2A87805000950105 /* TableViewModel.swift */,
				B1ABCB932A8696F6009A8A73 /* NewsItemViewModel.swift */,
				B1ABCB8F2A868097009A8A73 /* DiscoverViewModel.swift */,
			);
			path = ViewModel;
			sourceTree = "<group>";
		};
		B1B5EC242A83B5CD00A4C779 /* View */ = {
			isa = PBXGroup;
			children = (
				B1B5EC192A83B41000A4C779 /* LaunchScreen.storyboard */,
				B1ABCB9F2A86BF82009A8A73 /* TableViewCells */,
				B12244C12A87820500950105 /* TabBarController */,
				B12244BE2A87801E00950105 /* BaseNewsViewController */,
				B1B5EC2D2A83C01F00A4C779 /* DiscoverViewController */,
			);
			path = View;
			sourceTree = "<group>";
		};
		B1B5EC252A83B62C00A4C779 /* Services */ = {
			isa = PBXGroup;
			children = (
				B1ABCB872A867661009A8A73 /* NetworkService.swift */,
			);
			path = Services;
			sourceTree = "<group>";
		};
		B1B5EC262A83B64500A4C779 /* Extensions */ = {
			isa = PBXGroup;
			children = (
				B1ABCB912A8686FC009A8A73 /* UIViewController+utils.swift */,
			);
			path = Extensions;
			sourceTree = "<group>";
		};
		B1B5EC2D2A83C01F00A4C779 /* DiscoverViewController */ = {
			isa = PBXGroup;
			children = (
				B1B5EC292A83C01400A4C779 /* DiscoverViewController.swift */,
				B1B5EC2A2A83C01400A4C779 /* DiscoverViewController.xib */,
			);
			path = DiscoverViewController;
			sourceTree = "<group>";
		};
		B1B5EC322A83D08100A4C779 /* NewsItemCell */ = {
			isa = PBXGroup;
			children = (
				B1E81EB72A83E39400B05F76 /* NewsItemCell.swift */,
				B1E81EB82A83E39400B05F76 /* NewsItemCell.xib */,
			);
			path = NewsItemCell;
			sourceTree = "<group>";
		};
		D60D415A6B510D5D2658C0C7 /* Frameworks */ = {
			isa = PBXGroup;
			children = (
				235A9B7B19D6DEEFA0820918 /* Pods_NewsApp.framework */,
			);
			name = Frameworks;
			sourceTree = "<group>";
		};
/* End PBXGroup section */

/* Begin PBXNativeTarget section */
		B1B5EC072A83B40F00A4C779 /* NewsApp */ = {
			isa = PBXNativeTarget;
			buildConfigurationList = B1B5EC1F2A83B41000A4C779 /* Build configuration list for PBXNativeTarget "NewsApp" */;
			buildPhases = (
				470AFC0AA7FED38480584176 /* [CP] Check Pods Manifest.lock */,
				B1B5EC042A83B40F00A4C779 /* Sources */,
				B1B5EC052A83B40F00A4C779 /* Frameworks */,
				B1B5EC062A83B40F00A4C779 /* Resources */,
				59C28648CCB249B4D7E20D55 /* [CP] Embed Pods Frameworks */,
			);
			buildRules = (
			);
			dependencies = (
			);
			name = NewsApp;
			productName = NewsApp;
			productReference = B1B5EC082A83B40F00A4C779 /* NewsApp.app */;
			productType = "com.apple.product-type.application";
		};
/* End PBXNativeTarget section */

/* Begin PBXProject section */
		B1B5EC002A83B40F00A4C779 /* Project object */ = {
			isa = PBXProject;
			attributes = {
				BuildIndependentTargetsInParallel = 1;
				LastSwiftUpdateCheck = 1410;
				LastUpgradeCheck = 1410;
				TargetAttributes = {
					B1B5EC072A83B40F00A4C779 = {
						CreatedOnToolsVersion = 14.1;
					};
				};
			};
			buildConfigurationList = B1B5EC032A83B40F00A4C779 /* Build configuration list for PBXProject "NewsApp" */;
			compatibilityVersion = "Xcode 14.0";
			developmentRegion = en;
			hasScannedForEncodings = 0;
			knownRegions = (
				en,
				Base,
			);
			mainGroup = B1B5EBFF2A83B40F00A4C779;
			productRefGroup = B1B5EC092A83B40F00A4C779 /* Products */;
			projectDirPath = "";
			projectRoot = "";
			targets = (
				B1B5EC072A83B40F00A4C779 /* NewsApp */,
			);
		};
/* End PBXProject section */

/* Begin PBXResourcesBuildPhase section */
		B1B5EC062A83B40F00A4C779 /* Resources */ = {
			isa = PBXResourcesBuildPhase;
			buildActionMask = 2147483647;
			files = (
				B1B5EC1B2A83B41000A4C779 /* LaunchScreen.storyboard in Resources */,
				B1E81EBA2A83E39400B05F76 /* NewsItemCell.xib in Resources */,
				B1B5EC182A83B41000A4C779 /* Assets.xcassets in Resources */,
				B1ABCB862A865951009A8A73 /* LoadingCell.xib in Resources */,
				B1B5EC2C2A83C01400A4C779 /* DiscoverViewController.xib in Resources */,
			);
			runOnlyForDeploymentPostprocessing = 0;
		};
/* End PBXResourcesBuildPhase section */

/* Begin PBXShellScriptBuildPhase section */
		470AFC0AA7FED38480584176 /* [CP] Check Pods Manifest.lock */ = {
			isa = PBXShellScriptBuildPhase;
			buildActionMask = 2147483647;
			files = (
			);
			inputFileListPaths = (
			);
			inputPaths = (
				"${PODS_PODFILE_DIR_PATH}/Podfile.lock",
				"${PODS_ROOT}/Manifest.lock",
			);
			name = "[CP] Check Pods Manifest.lock";
			outputFileListPaths = (
			);
			outputPaths = (
				"$(DERIVED_FILE_DIR)/Pods-NewsApp-checkManifestLockResult.txt",
			);
			runOnlyForDeploymentPostprocessing = 0;
			shellPath = /bin/sh;
			shellScript = "diff \"${PODS_PODFILE_DIR_PATH}/Podfile.lock\" \"${PODS_ROOT}/Manifest.lock\" > /dev/null\nif [ $? != 0 ] ; then\n    # print error to STDERR\n    echo \"error: The sandbox is not in sync with the Podfile.lock. Run 'pod install' or update your CocoaPods installation.\" >&2\n    exit 1\nfi\n# This output is used by Xcode 'outputs' to avoid re-running this script phase.\necho \"SUCCESS\" > \"${SCRIPT_OUTPUT_FILE_0}\"\n";
			showEnvVarsInLog = 0;
		};
		59C28648CCB249B4D7E20D55 /* [CP] Embed Pods Frameworks */ = {
			isa = PBXShellScriptBuildPhase;
			buildActionMask = 2147483647;
			files = (
			);
			inputFileListPaths = (
				"${PODS_ROOT}/Target Support Files/Pods-NewsApp/Pods-NewsApp-frameworks-${CONFIGURATION}-input-files.xcfilelist",
			);
			name = "[CP] Embed Pods Frameworks";
			outputFileListPaths = (
				"${PODS_ROOT}/Target Support Files/Pods-NewsApp/Pods-NewsApp-frameworks-${CONFIGURATION}-output-files.xcfilelist",
			);
			runOnlyForDeploymentPostprocessing = 0;
			shellPath = /bin/sh;
			shellScript = "\"${PODS_ROOT}/Target Support Files/Pods-NewsApp/Pods-NewsApp-frameworks.sh\"\n";
			showEnvVarsInLog = 0;
		};
/* End PBXShellScriptBuildPhase section */

/* Begin PBXSourcesBuildPhase section */
		B1B5EC042A83B40F00A4C779 /* Sources */ = {
			isa = PBXSourcesBuildPhase;
			buildActionMask = 2147483647;
			files = (
				B1ABCB882A867661009A8A73 /* NetworkService.swift in Sources */,
				B1ABCB942A8696F6009A8A73 /* NewsItemViewModel.swift in Sources */,
				B1E81EBC2A83ED0200B05F76 /* Article.swift in Sources */,
				B12244BD2A87764300950105 /* BaseNewsViewController.swift in Sources */,
				B1B5EC0C2A83B40F00A4C779 /* AppDelegate.swift in Sources */,
				B1E81EB92A83E39400B05F76 /* NewsItemCell.swift in Sources */,
				B1ABCB8C2A867812009A8A73 /* Response.swift in Sources */,
				B1ABCB8A2A8677EE009A8A73 /* Source.swift in Sources */,
				B1B5EC162A83B40F00A4C779 /* NewsApp.xcdatamodeld in Sources */,
				B1B5EC282A83BED400A4C779 /* TabBarController.swift in Sources */,
				B12244C02A87805000950105 /* TableViewModel.swift in Sources */,
				B1B5EC2B2A83C01400A4C779 /* DiscoverViewController.swift in Sources */,
				B1ABCB852A865951009A8A73 /* LoadingCell.swift in Sources */,
				B1ABCB922A8686FC009A8A73 /* UIViewController+utils.swift in Sources */,
				B1ABCB902A868097009A8A73 /* DiscoverViewModel.swift in Sources */,
				B1B5EC0E2A83B40F00A4C779 /* SceneDelegate.swift in Sources */,
			);
			runOnlyForDeploymentPostprocessing = 0;
		};
/* End PBXSourcesBuildPhase section */

/* Begin PBXVariantGroup section */
		B1B5EC192A83B41000A4C779 /* LaunchScreen.storyboard */ = {
			isa = PBXVariantGroup;
			children = (
				B1B5EC1A2A83B41000A4C779 /* Base */,
			);
			name = LaunchScreen.storyboard;
			sourceTree = "<group>";
		};
/* End PBXVariantGroup section */

/* Begin XCBuildConfiguration section */
		B1B5EC1D2A83B41000A4C779 /* Debug */ = {
			isa = XCBuildConfiguration;
			buildSettings = {
				ALWAYS_SEARCH_USER_PATHS = NO;
				CLANG_ANALYZER_NONNULL = YES;
				CLANG_ANALYZER_NUMBER_OBJECT_CONVERSION = YES_AGGRESSIVE;
				CLANG_CXX_LANGUAGE_STANDARD = "gnu++20";
				CLANG_ENABLE_MODULES = YES;
				CLANG_ENABLE_OBJC_ARC = YES;
				CLANG_ENABLE_OBJC_WEAK = YES;
				CLANG_WARN_BLOCK_CAPTURE_AUTORELEASING = YES;
				CLANG_WARN_BOOL_CONVERSION = YES;
				CLANG_WARN_COMMA = YES;
				CLANG_WARN_CONSTANT_CONVERSION = YES;
				CLANG_WARN_DEPRECATED_OBJC_IMPLEMENTATIONS = YES;
				CLANG_WARN_DIRECT_OBJC_ISA_USAGE = YES_ERROR;
				CLANG_WARN_DOCUMENTATION_COMMENTS = YES;
				CLANG_WARN_EMPTY_BODY = YES;
				CLANG_WARN_ENUM_CONVERSION = YES;
				CLANG_WARN_INFINITE_RECURSION = YES;
				CLANG_WARN_INT_CONVERSION = YES;
				CLANG_WARN_NON_LITERAL_NULL_CONVERSION = YES;
				CLANG_WARN_OBJC_IMPLICIT_RETAIN_SELF = YES;
				CLANG_WARN_OBJC_LITERAL_CONVERSION = YES;
				CLANG_WARN_OBJC_ROOT_CLASS = YES_ERROR;
				CLANG_WARN_QUOTED_INCLUDE_IN_FRAMEWORK_HEADER = YES;
				CLANG_WARN_RANGE_LOOP_ANALYSIS = YES;
				CLANG_WARN_STRICT_PROTOTYPES = YES;
				CLANG_WARN_SUSPICIOUS_MOVE = YES;
				CLANG_WARN_UNGUARDED_AVAILABILITY = YES_AGGRESSIVE;
				CLANG_WARN_UNREACHABLE_CODE = YES;
				CLANG_WARN__DUPLICATE_METHOD_MATCH = YES;
				COPY_PHASE_STRIP = NO;
				DEBUG_INFORMATION_FORMAT = dwarf;
				ENABLE_STRICT_OBJC_MSGSEND = YES;
				ENABLE_TESTABILITY = YES;
				GCC_C_LANGUAGE_STANDARD = gnu11;
				GCC_DYNAMIC_NO_PIC = NO;
				GCC_NO_COMMON_BLOCKS = YES;
				GCC_OPTIMIZATION_LEVEL = 0;
				GCC_PREPROCESSOR_DEFINITIONS = (
					"DEBUG=1",
					"$(inherited)",
				);
				GCC_WARN_64_TO_32_BIT_CONVERSION = YES;
				GCC_WARN_ABOUT_RETURN_TYPE = YES_ERROR;
				GCC_WARN_UNDECLARED_SELECTOR = YES;
				GCC_WARN_UNINITIALIZED_AUTOS = YES_AGGRESSIVE;
				GCC_WARN_UNUSED_FUNCTION = YES;
				GCC_WARN_UNUSED_VARIABLE = YES;
				IPHONEOS_DEPLOYMENT_TARGET = 15.0;
				MTL_ENABLE_DEBUG_INFO = INCLUDE_SOURCE;
				MTL_FAST_MATH = YES;
				ONLY_ACTIVE_ARCH = YES;
				SDKROOT = iphoneos;
				SWIFT_ACTIVE_COMPILATION_CONDITIONS = DEBUG;
				SWIFT_OPTIMIZATION_LEVEL = "-Onone";
			};
			name = Debug;
		};
		B1B5EC1E2A83B41000A4C779 /* Release */ = {
			isa = XCBuildConfiguration;
			buildSettings = {
				ALWAYS_SEARCH_USER_PATHS = NO;
				CLANG_ANALYZER_NONNULL = YES;
				CLANG_ANALYZER_NUMBER_OBJECT_CONVERSION = YES_AGGRESSIVE;
				CLANG_CXX_LANGUAGE_STANDARD = "gnu++20";
				CLANG_ENABLE_MODULES = YES;
				CLANG_ENABLE_OBJC_ARC = YES;
				CLANG_ENABLE_OBJC_WEAK = YES;
				CLANG_WARN_BLOCK_CAPTURE_AUTORELEASING = YES;
				CLANG_WARN_BOOL_CONVERSION = YES;
				CLANG_WARN_COMMA = YES;
				CLANG_WARN_CONSTANT_CONVERSION = YES;
				CLANG_WARN_DEPRECATED_OBJC_IMPLEMENTATIONS = YES;
				CLANG_WARN_DIRECT_OBJC_ISA_USAGE = YES_ERROR;
				CLANG_WARN_DOCUMENTATION_COMMENTS = YES;
				CLANG_WARN_EMPTY_BODY = YES;
				CLANG_WARN_ENUM_CONVERSION = YES;
				CLANG_WARN_INFINITE_RECURSION = YES;
				CLANG_WARN_INT_CONVERSION = YES;
				CLANG_WARN_NON_LITERAL_NULL_CONVERSION = YES;
				CLANG_WARN_OBJC_IMPLICIT_RETAIN_SELF = YES;
				CLANG_WARN_OBJC_LITERAL_CONVERSION = YES;
				CLANG_WARN_OBJC_ROOT_CLASS = YES_ERROR;
				CLANG_WARN_QUOTED_INCLUDE_IN_FRAMEWORK_HEADER = YES;
				CLANG_WARN_RANGE_LOOP_ANALYSIS = YES;
				CLANG_WARN_STRICT_PROTOTYPES = YES;
				CLANG_WARN_SUSPICIOUS_MOVE = YES;
				CLANG_WARN_UNGUARDED_AVAILABILITY = YES_AGGRESSIVE;
				CLANG_WARN_UNREACHABLE_CODE = YES;
				CLANG_WARN__DUPLICATE_METHOD_MATCH = YES;
				COPY_PHASE_STRIP = NO;
				DEBUG_INFORMATION_FORMAT = "dwarf-with-dsym";
				ENABLE_NS_ASSERTIONS = NO;
				ENABLE_STRICT_OBJC_MSGSEND = YES;
				GCC_C_LANGUAGE_STANDARD = gnu11;
				GCC_NO_COMMON_BLOCKS = YES;
				GCC_WARN_64_TO_32_BIT_CONVERSION = YES;
				GCC_WARN_ABOUT_RETURN_TYPE = YES_ERROR;
				GCC_WARN_UNDECLARED_SELECTOR = YES;
				GCC_WARN_UNINITIALIZED_AUTOS = YES_AGGRESSIVE;
				GCC_WARN_UNUSED_FUNCTION = YES;
				GCC_WARN_UNUSED_VARIABLE = YES;
				IPHONEOS_DEPLOYMENT_TARGET = 15.0;
				MTL_ENABLE_DEBUG_INFO = NO;
				MTL_FAST_MATH = YES;
				SDKROOT = iphoneos;
				SWIFT_COMPILATION_MODE = wholemodule;
				SWIFT_OPTIMIZATION_LEVEL = "-O";
				VALIDATE_PRODUCT = YES;
			};
			name = Release;
		};
		B1B5EC202A83B41000A4C779 /* Debug */ = {
			isa = XCBuildConfiguration;
			baseConfigurationReference = 42742BBC9D62BAABB167A75B /* Pods-NewsApp.debug.xcconfig */;
			buildSettings = {
				ASSETCATALOG_COMPILER_APPICON_NAME = AppIcon;
				ASSETCATALOG_COMPILER_GLOBAL_ACCENT_COLOR_NAME = AccentColor;
				CODE_SIGN_STYLE = Automatic;
				CURRENT_PROJECT_VERSION = 1;
				DEVELOPMENT_TEAM = BZ3MT5ADYB;
				GENERATE_INFOPLIST_FILE = YES;
				INFOPLIST_FILE = NewsApp/Info.plist;
				INFOPLIST_KEY_UIApplicationSupportsIndirectInputEvents = YES;
				INFOPLIST_KEY_UILaunchStoryboardName = LaunchScreen;
				INFOPLIST_KEY_UISupportedInterfaceOrientations = UIInterfaceOrientationPortrait;
				INFOPLIST_KEY_UISupportedInterfaceOrientations_iPad = "UIInterfaceOrientationLandscapeLeft UIInterfaceOrientationLandscapeRight UIInterfaceOrientationPortrait UIInterfaceOrientationPortraitUpsideDown";
				IPHONEOS_DEPLOYMENT_TARGET = 15.0;
				LD_RUNPATH_SEARCH_PATHS = (
					"$(inherited)",
					"@executable_path/Frameworks",
				);
				MARKETING_VERSION = 1.0;
				PRODUCT_BUNDLE_IDENTIFIER = com.km.NewsApp;
				PRODUCT_NAME = "$(TARGET_NAME)";
				SUPPORTED_PLATFORMS = "iphoneos iphonesimulator";
				SUPPORTS_MACCATALYST = NO;
				SUPPORTS_MAC_DESIGNED_FOR_IPHONE_IPAD = NO;
				SWIFT_EMIT_LOC_STRINGS = YES;
				SWIFT_VERSION = 5.0;
				TARGETED_DEVICE_FAMILY = 1;
			};
			name = Debug;
		};
		B1B5EC212A83B41000A4C779 /* Release */ = {
			isa = XCBuildConfiguration;
			baseConfigurationReference = 1065DC64D0441DBD43B14059 /* Pods-NewsApp.release.xcconfig */;
			buildSettings = {
				ASSETCATALOG_COMPILER_APPICON_NAME = AppIcon;
				ASSETCATALOG_COMPILER_GLOBAL_ACCENT_COLOR_NAME = AccentColor;
				CODE_SIGN_STYLE = Automatic;
				CURRENT_PROJECT_VERSION = 1;
				DEVELOPMENT_TEAM = BZ3MT5ADYB;
				GENERATE_INFOPLIST_FILE = YES;
				INFOPLIST_FILE = NewsApp/Info.plist;
				INFOPLIST_KEY_UIApplicationSupportsIndirectInputEvents = YES;
				INFOPLIST_KEY_UILaunchStoryboardName = LaunchScreen;
				INFOPLIST_KEY_UISupportedInterfaceOrientations = UIInterfaceOrientationPortrait;
				INFOPLIST_KEY_UISupportedInterfaceOrientations_iPad = "UIInterfaceOrientationLandscapeLeft UIInterfaceOrientationLandscapeRight UIInterfaceOrientationPortrait UIInterfaceOrientationPortraitUpsideDown";
				IPHONEOS_DEPLOYMENT_TARGET = 15.0;
				LD_RUNPATH_SEARCH_PATHS = (
					"$(inherited)",
					"@executable_path/Frameworks",
				);
				MARKETING_VERSION = 1.0;
				PRODUCT_BUNDLE_IDENTIFIER = com.km.NewsApp;
				PRODUCT_NAME = "$(TARGET_NAME)";
				SUPPORTED_PLATFORMS = "iphoneos iphonesimulator";
				SUPPORTS_MACCATALYST = NO;
				SUPPORTS_MAC_DESIGNED_FOR_IPHONE_IPAD = NO;
				SWIFT_EMIT_LOC_STRINGS = YES;
				SWIFT_VERSION = 5.0;
				TARGETED_DEVICE_FAMILY = 1;
			};
			name = Release;
		};
/* End XCBuildConfiguration section */

/* Begin XCConfigurationList section */
		B1B5EC032A83B40F00A4C779 /* Build configuration list for PBXProject "NewsApp" */ = {
			isa = XCConfigurationList;
			buildConfigurations = (
				B1B5EC1D2A83B41000A4C779 /* Debug */,
				B1B5EC1E2A83B41000A4C779 /* Release */,
			);
			defaultConfigurationIsVisible = 0;
			defaultConfigurationName = Release;
		};
		B1B5EC1F2A83B41000A4C779 /* Build configuration list for PBXNativeTarget "NewsApp" */ = {
			isa = XCConfigurationList;
			buildConfigurations = (
				B1B5EC202A83B41000A4C779 /* Debug */,
				B1B5EC212A83B41000A4C779 /* Release */,
			);
			defaultConfigurationIsVisible = 0;
			defaultConfigurationName = Release;
		};
/* End XCConfigurationList section */

/* Begin XCVersionGroup section */
		B1B5EC142A83B40F00A4C779 /* NewsApp.xcdatamodeld */ = {
			isa = XCVersionGroup;
			children = (
				B1B5EC152A83B40F00A4C779 /* NewsApp.xcdatamodel */,
			);
			currentVersion = B1B5EC152A83B40F00A4C779 /* NewsApp.xcdatamodel */;
			path = NewsApp.xcdatamodeld;
			sourceTree = "<group>";
			versionGroupType = wrapper.xcdatamodel;
		};
/* End XCVersionGroup section */
	};
	rootObject = B1B5EC002A83B40F00A4C779 /* Project object */;
}
